
Microsoft Visual Studio Solution File, Format Version 12.00
# Visual Studio 15
VisualStudioVersion = 15.0.27428.2015
MinimumVisualStudioVersion = 10.0.40219.1
Project("{FAE04EC0-301F-11D3-BF4B-00C04F79EFBC}") = "TheWitcher", "TheWitcher\TheWitcher.csproj", "{7F35CBFD-D588-4E2C-8CE4-A098E7C7D6DF}"
EndProject
Global
	GlobalSection(SolutionConfigurationPlatforms) = preSolution
		Debug|Any CPU = Debug|Any CPU
		Release|Any CPU = Release|Any CPU
	EndGlobalSection
	GlobalSection(ProjectConfigurationPlatforms) = postSolution
		{7F35CBFD-D588-4E2C-8CE4-A098E7C7D6DF}.Debug|Any CPU.ActiveCfg = Debug|Any CPU
		{7F35CBFD-D588-4E2C-8CE4-A098E7C7D6DF}.Debug|Any CPU.Build.0 = Debug|Any CPU
		{7F35CBFD-D588-4E2C-8CE4-A098E7C7D6DF}.Release|Any CPU.ActiveCfg = Release|Any CPU
		{7F35CBFD-D588-4E2C-8CE4-A098E7C7D6DF}.Release|Any CPU.Build.0 = Release|Any CPU
	EndGlobalSection
	GlobalSection(SolutionProperties) = preSolution
		HideSolutionNode = FALSE
	EndGlobalSection
	GlobalSection(ExtensibilityGlobals) = postSolution
		SolutionGuid = {4BA26F9C-B62C-48C1-8021-0FF8DABCD8A1}
	EndGlobalSection
EndGlobal
