
Microsoft Visual Studio Solution File, Format Version 12.00
# Visual Studio 15
VisualStudioVersion = 15.0.27428.2015
MinimumVisualStudioVersion = 10.0.40219.1
Project("{FAE04EC0-301F-11D3-BF4B-00C04F79EFBC}") = "TheWitcher.Console", "TheWitcher\TheWitcher.Console.csproj", "{7F35CBFD-D588-4E2C-8CE4-A098E7C7D6DF}"
EndProject
Project("{00D1A9C2-B5F0-4AF3-8072-F6C62B433612}") = "TheWitcherDBProject", "TheWitcherDBProject\TheWitcherDBProject.sqlproj", "{88635A49-ED5E-4F38-A6C9-467D68B7A45A}"
EndProject
Project("{2150E333-8FDC-42A3-9474-1A3956D46DE8}") = "DataAccessLayer", "DataAccessLayer", "{5AC61F67-E821-4E0E-82CE-76666B43C383}"
EndProject
Global
	GlobalSection(SolutionConfigurationPlatforms) = preSolution
		Debug|Any CPU = Debug|Any CPU
		Release|Any CPU = Release|Any CPU
	EndGlobalSection
	GlobalSection(ProjectConfigurationPlatforms) = postSolution
		{7F35CBFD-D588-4E2C-8CE4-A098E7C7D6DF}.Debug|Any CPU.ActiveCfg = Debug|Any CPU
		{7F35CBFD-D588-4E2C-8CE4-A098E7C7D6DF}.Debug|Any CPU.Build.0 = Debug|Any CPU
		{7F35CBFD-D588-4E2C-8CE4-A098E7C7D6DF}.Release|Any CPU.ActiveCfg = Release|Any CPU
		{7F35CBFD-D588-4E2C-8CE4-A098E7C7D6DF}.Release|Any CPU.Build.0 = Release|Any CPU
		{88635A49-ED5E-4F38-A6C9-467D68B7A45A}.Debug|Any CPU.ActiveCfg = Debug|Any CPU
		{88635A49-ED5E-4F38-A6C9-467D68B7A45A}.Debug|Any CPU.Build.0 = Debug|Any CPU
		{88635A49-ED5E-4F38-A6C9-467D68B7A45A}.Debug|Any CPU.Deploy.0 = Debug|Any CPU
		{88635A49-ED5E-4F38-A6C9-467D68B7A45A}.Release|Any CPU.ActiveCfg = Release|Any CPU
		{88635A49-ED5E-4F38-A6C9-467D68B7A45A}.Release|Any CPU.Build.0 = Release|Any CPU
		{88635A49-ED5E-4F38-A6C9-467D68B7A45A}.Release|Any CPU.Deploy.0 = Release|Any CPU
	EndGlobalSection
	GlobalSection(SolutionProperties) = preSolution
		HideSolutionNode = FALSE
	EndGlobalSection
	GlobalSection(NestedProjects) = preSolution
		{88635A49-ED5E-4F38-A6C9-467D68B7A45A} = {5AC61F67-E821-4E0E-82CE-76666B43C383}
	EndGlobalSection
	GlobalSection(ExtensibilityGlobals) = postSolution
		SolutionGuid = {4BA26F9C-B62C-48C1-8021-0FF8DABCD8A1}
	EndGlobalSection
EndGlobal
